
Microsoft Visual Studio Solution File, Format Version 12.00
# Visual Studio 15
VisualStudioVersion = 15.0.28307.421
MinimumVisualStudioVersion = 10.0.40219.1
Project("{FAE04EC0-301F-11D3-BF4B-00C04F79EFBC}") = "KolkoKrzyzyk", "KolkoKrzyzyk\KolkoKrzyzyk.csproj", "{14D2F9B6-EDF5-4184-A729-505A81242888}"
EndProject
Project("{FAE04EC0-301F-11D3-BF4B-00C04F79EFBC}") = "zadanie_2_3", "zadanie_2_3\zadanie_2_3.csproj", "{FC4A284C-AEE8-465C-A630-F0B636E01B3C}"
EndProject
Project("{FAE04EC0-301F-11D3-BF4B-00C04F79EFBC}") = "zadanie_2_4", "zadanie_2_4\zadanie_2_4.csproj", "{F7555981-A7A7-4300-8608-B85D490902A6}"
EndProject
Global
	GlobalSection(SolutionConfigurationPlatforms) = preSolution
		Debug|Any CPU = Debug|Any CPU
		Release|Any CPU = Release|Any CPU
	EndGlobalSection
	GlobalSection(ProjectConfigurationPlatforms) = postSolution
		{14D2F9B6-EDF5-4184-A729-505A81242888}.Debug|Any CPU.ActiveCfg = Debug|Any CPU
		{14D2F9B6-EDF5-4184-A729-505A81242888}.Debug|Any CPU.Build.0 = Debug|Any CPU
		{14D2F9B6-EDF5-4184-A729-505A81242888}.Release|Any CPU.ActiveCfg = Release|Any CPU
		{14D2F9B6-EDF5-4184-A729-505A81242888}.Release|Any CPU.Build.0 = Release|Any CPU
		{FC4A284C-AEE8-465C-A630-F0B636E01B3C}.Debug|Any CPU.ActiveCfg = Debug|Any CPU
		{FC4A284C-AEE8-465C-A630-F0B636E01B3C}.Debug|Any CPU.Build.0 = Debug|Any CPU
		{FC4A284C-AEE8-465C-A630-F0B636E01B3C}.Release|Any CPU.ActiveCfg = Release|Any CPU
		{FC4A284C-AEE8-465C-A630-F0B636E01B3C}.Release|Any CPU.Build.0 = Release|Any CPU
		{F7555981-A7A7-4300-8608-B85D490902A6}.Debug|Any CPU.ActiveCfg = Debug|Any CPU
		{F7555981-A7A7-4300-8608-B85D490902A6}.Debug|Any CPU.Build.0 = Debug|Any CPU
		{F7555981-A7A7-4300-8608-B85D490902A6}.Release|Any CPU.ActiveCfg = Release|Any CPU
		{F7555981-A7A7-4300-8608-B85D490902A6}.Release|Any CPU.Build.0 = Release|Any CPU
	EndGlobalSection
	GlobalSection(SolutionProperties) = preSolution
		HideSolutionNode = FALSE
	EndGlobalSection
	GlobalSection(ExtensibilityGlobals) = postSolution
		SolutionGuid = {BBDEC11F-8A19-4EAF-BFB0-1136765F14E4}
	EndGlobalSection
EndGlobal
